
Microsoft Visual Studio Solution File, Format Version 12.00
# Visual Studio Version 16
VisualStudioVersion = 16.0.29409.12
MinimumVisualStudioVersion = 10.0.40219.1
Project("{FAE04EC0-301F-11D3-BF4B-00C04F79EFBC}") = "WinFormDemo", "WinFormDemo\WinFormDemo.csproj", "{F7488B50-61ED-46A7-BBBD-7EDF3A1A6411}"
EndProject
Global
	GlobalSection(SolutionConfigurationPlatforms) = preSolution
		Debug|Any CPU = Debug|Any CPU
		Release|Any CPU = Release|Any CPU
	EndGlobalSection
	GlobalSection(ProjectConfigurationPlatforms) = postSolution
		{F7488B50-61ED-46A7-BBBD-7EDF3A1A6411}.Debug|Any CPU.ActiveCfg = Debug|Any CPU
		{F7488B50-61ED-46A7-BBBD-7EDF3A1A6411}.Debug|Any CPU.Build.0 = Debug|Any CPU
		{F7488B50-61ED-46A7-BBBD-7EDF3A1A6411}.Release|Any CPU.ActiveCfg = Release|Any CPU
		{F7488B50-61ED-46A7-BBBD-7EDF3A1A6411}.Release|Any CPU.Build.0 = Release|Any CPU
	EndGlobalSection
	GlobalSection(SolutionProperties) = preSolution
		HideSolutionNode = FALSE
	EndGlobalSection
	GlobalSection(ExtensibilityGlobals) = postSolution
		SolutionGuid = {343BDFB8-831D-4B94-A0FB-6D1577CE3CFF}
	EndGlobalSection
EndGlobal
