
Microsoft Visual Studio Solution File, Format Version 12.00
# Visual Studio Version 16
VisualStudioVersion = 16.0.29409.12
MinimumVisualStudioVersion = 10.0.40219.1
Project("{FAE04EC0-301F-11D3-BF4B-00C04F79EFBC}") = "ConsoleUI", "ConsoleUI\ConsoleUI.csproj", "{76CD4D0E-8279-448A-8D67-829107B8E1D1}"
EndProject
Project("{FAE04EC0-301F-11D3-BF4B-00C04F79EFBC}") = "MostFreqCharLib", "MostFreqCharLib\MostFreqCharLib.csproj", "{CF169234-63CD-433F-B175-726091103581}"
EndProject
Global
	GlobalSection(SolutionConfigurationPlatforms) = preSolution
		Debug|Any CPU = Debug|Any CPU
		Release|Any CPU = Release|Any CPU
	EndGlobalSection
	GlobalSection(ProjectConfigurationPlatforms) = postSolution
		{76CD4D0E-8279-448A-8D67-829107B8E1D1}.Debug|Any CPU.ActiveCfg = Debug|Any CPU
		{76CD4D0E-8279-448A-8D67-829107B8E1D1}.Debug|Any CPU.Build.0 = Debug|Any CPU
		{76CD4D0E-8279-448A-8D67-829107B8E1D1}.Release|Any CPU.ActiveCfg = Release|Any CPU
		{76CD4D0E-8279-448A-8D67-829107B8E1D1}.Release|Any CPU.Build.0 = Release|Any CPU
		{CF169234-63CD-433F-B175-726091103581}.Debug|Any CPU.ActiveCfg = Debug|Any CPU
		{CF169234-63CD-433F-B175-726091103581}.Debug|Any CPU.Build.0 = Debug|Any CPU
		{CF169234-63CD-433F-B175-726091103581}.Release|Any CPU.ActiveCfg = Release|Any CPU
		{CF169234-63CD-433F-B175-726091103581}.Release|Any CPU.Build.0 = Release|Any CPU
	EndGlobalSection
	GlobalSection(SolutionProperties) = preSolution
		HideSolutionNode = FALSE
	EndGlobalSection
	GlobalSection(ExtensibilityGlobals) = postSolution
		SolutionGuid = {3C3B421B-D0BC-4C3C-8E23-B451C6267861}
	EndGlobalSection
EndGlobal
